Microsoft Visual Studio Solution File, Format Version 12.00
# Visual Studio Version 17
VisualStudioVersion = 17.11.35303.130
MinimumVisualStudioVersion = 10.0.40219.1
Project("{9A19103F-16F7-4668-BE54-9A1E7A4F7556}") = "AspireApp.AppHost", "AspireApp.AppHost\AspireApp.AppHost.csproj", "{E56EEDF5-F777-440F-9A45-1A78B9D689D0}"
EndProject
Project("{9A19103F-16F7-4668-BE54-9A1E7A4F7556}") = "AspireApp.ServiceDefaults", "AspireApp.ServiceDefaults\AspireApp.ServiceDefaults.csproj", "{C911B931-60A9-4F8C-9953-0F58C50FADB1}"
EndProject
Project("{9A19103F-16F7-4668-BE54-9A1E7A4F7556}") = "AspireApp.ApiService", "AspireApp.ApiService\AspireApp.ApiService.csproj", "{731D1C07-9A59-45C4-82C4-F964A0516278}"
EndProject
Project("{9A19103F-16F7-4668-BE54-9A1E7A4F7556}") = "AspireApp.Data.Postgres", "AspireApp.Data.Postgres\AspireApp.Data.Postgres.csproj", "{245AB9A8-4132-4F37-AA5F-D0222A173619}"
EndProject
Project("{9A19103F-16F7-4668-BE54-9A1E7A4F7556}") = "AspireApp.Common", "AspireApp.Common\AspireApp.Common.csproj", "{E7F1ABB4-C722-4FC5-AE55-0468C65ED8D8}"
EndProject
Project("{9A19103F-16F7-4668-BE54-9A1E7A4F7556}") = "AspireApp.Service.DatabaseMigration", "AspireApp.Service.DatabaseMigration\AspireApp.Service.DatabaseMigration.csproj", "{24D11628-8F52-4E5F-974B-8E73FB5E9DA9}"
EndProject
Global
	GlobalSection(SolutionConfigurationPlatforms) = preSolution
		Debug|Any CPU = Debug|Any CPU
		Release|Any CPU = Release|Any CPU
	EndGlobalSection
	GlobalSection(ProjectConfigurationPlatforms) = postSolution
		{E56EEDF5-F777-440F-9A45-1A78B9D689D0}.Debug|Any CPU.ActiveCfg = Debug|Any CPU
		{E56EEDF5-F777-440F-9A45-1A78B9D689D0}.Debug|Any CPU.Build.0 = Debug|Any CPU
		{E56EEDF5-F777-440F-9A45-1A78B9D689D0}.Release|Any CPU.ActiveCfg = Release|Any CPU
		{E56EEDF5-F777-440F-9A45-1A78B9D689D0}.Release|Any CPU.Build.0 = Release|Any CPU
		{C911B931-60A9-4F8C-9953-0F58C50FADB1}.Debug|Any CPU.ActiveCfg = Debug|Any CPU
		{C911B931-60A9-4F8C-9953-0F58C50FADB1}.Debug|Any CPU.Build.0 = Debug|Any CPU
		{C911B931-60A9-4F8C-9953-0F58C50FADB1}.Release|Any CPU.ActiveCfg = Release|Any CPU
		{C911B931-60A9-4F8C-9953-0F58C50FADB1}.Release|Any CPU.Build.0 = Release|Any CPU
		{731D1C07-9A59-45C4-82C4-F964A0516278}.Debug|Any CPU.ActiveCfg = Debug|Any CPU
		{731D1C07-9A59-45C4-82C4-F964A0516278}.Debug|Any CPU.Build.0 = Debug|Any CPU
		{731D1C07-9A59-45C4-82C4-F964A0516278}.Release|Any CPU.ActiveCfg = Release|Any CPU
		{731D1C07-9A59-45C4-82C4-F964A0516278}.Release|Any CPU.Build.0 = Release|Any CPU
		{245AB9A8-4132-4F37-AA5F-D0222A173619}.Debug|Any CPU.ActiveCfg = Debug|Any CPU
		{245AB9A8-4132-4F37-AA5F-D0222A173619}.Debug|Any CPU.Build.0 = Debug|Any CPU
		{245AB9A8-4132-4F37-AA5F-D0222A173619}.Release|Any CPU.ActiveCfg = Release|Any CPU
		{245AB9A8-4132-4F37-AA5F-D0222A173619}.Release|Any CPU.Build.0 = Release|Any CPU
		{E7F1ABB4-C722-4FC5-AE55-0468C65ED8D8}.Debug|Any CPU.ActiveCfg = Debug|Any CPU
		{E7F1ABB4-C722-4FC5-AE55-0468C65ED8D8}.Debug|Any CPU.Build.0 = Debug|Any CPU
		{E7F1ABB4-C722-4FC5-AE55-0468C65ED8D8}.Release|Any CPU.ActiveCfg = Release|Any CPU
		{E7F1ABB4-C722-4FC5-AE55-0468C65ED8D8}.Release|Any CPU.Build.0 = Release|Any CPU
		{24D11628-8F52-4E5F-974B-8E73FB5E9DA9}.Debug|Any CPU.ActiveCfg = Debug|Any CPU
		{24D11628-8F52-4E5F-974B-8E73FB5E9DA9}.Debug|Any CPU.Build.0 = Debug|Any CPU
		{24D11628-8F52-4E5F-974B-8E73FB5E9DA9}.Release|Any CPU.ActiveCfg = Release|Any CPU
		{24D11628-8F52-4E5F-974B-8E73FB5E9DA9}.Release|Any CPU.Build.0 = Release|Any CPU
	EndGlobalSection
	GlobalSection(SolutionProperties) = preSolution
		HideSolutionNode = FALSE
	EndGlobalSection
	GlobalSection(ExtensibilityGlobals) = postSolution
		SolutionGuid = {4CE8FBFE-2BD0-492E-A078-EDA411C569C9}
	EndGlobalSection
EndGlobal
